
Microsoft Visual Studio Solution File, Format Version 12.00
# Visual Studio Version 17
VisualStudioVersion = 17.9.34714.143
MinimumVisualStudioVersion = 10.0.40219.1
Project("{FAE04EC0-301F-11D3-BF4B-00C04F79EFBC}") = "DesignPatternsSolution", "DesignPatternsSolution\DesignPatternsSolution.csproj", "{232F044D-3BEE-4FA3-98E6-5BE79FE90EDC}"
EndProject
Global
	GlobalSection(SolutionConfigurationPlatforms) = preSolution
		Debug|Any CPU = Debug|Any CPU
		Release|Any CPU = Release|Any CPU
	EndGlobalSection
	GlobalSection(ProjectConfigurationPlatforms) = postSolution
		{232F044D-3BEE-4FA3-98E6-5BE79FE90EDC}.Debug|Any CPU.ActiveCfg = Debug|Any CPU
		{232F044D-3BEE-4FA3-98E6-5BE79FE90EDC}.Debug|Any CPU.Build.0 = Debug|Any CPU
		{232F044D-3BEE-4FA3-98E6-5BE79FE90EDC}.Release|Any CPU.ActiveCfg = Release|Any CPU
		{232F044D-3BEE-4FA3-98E6-5BE79FE90EDC}.Release|Any CPU.Build.0 = Release|Any CPU
	EndGlobalSection
	GlobalSection(SolutionProperties) = preSolution
		HideSolutionNode = FALSE
	EndGlobalSection
	GlobalSection(ExtensibilityGlobals) = postSolution
		SolutionGuid = {1E6523B7-0E27-4C71-9A3B-BD58BF8E6A9D}
	EndGlobalSection
EndGlobal
